<?xml version="1.0" encoding="utf-8"?>
<Project ToolsVersion="4.0" xmlns="http://schemas.microsoft.com/developer/msbuild/2003">
  <ItemGroup>
    <Filter Include="test">
      <UniqueIdentifier>{9e0632d5-c0aa-402b-b47d-76a596de3718}</UniqueIdentifier>
    </Filter>
    <Filter Include="code">
      <UniqueIdentifier>{72aa1289-54e4-4910-9277-170e5d969dd5}</UniqueIdentifier>
    </Filter>
  </ItemGroup>
  <ItemGroup>
    <ClCompile Include="..\..\..\..\fs\model\Hash.cpp">
      <Filter>code</Filter>
    </ClCompile>
    <ClCompile Include="..\..\..\..\fs\model\TreeEntry.cpp">
      <Filter>code</Filter>
    </ClCompile>
    <ClCompile Include="..\..\..\..\fs\model\test\HashTest.cpp">
      <Filter>test</Filter>
    </ClCompile>
    <ClCompile Include="..\..\..\..\fs\model\test\TreeTest.cpp">
      <Filter>test</Filter>
    </ClCompile>
  </ItemGroup>
</Project>