<?xml version="1.0" encoding="utf-8"?>
<Project ToolsVersion="4.0" xmlns="http://schemas.microsoft.com/developer/msbuild/2003">
  <ItemGroup>
    <Filter Include="Extern">
      <UniqueIdentifier>{e1e8e374-4a0b-48ca-a76e-7fa4b0a58621}</UniqueIdentifier>
    </Filter>
    <Filter Include="Win">
      <UniqueIdentifier>{93995380-89BD-4b04-88EB-625FBE52EBFB}</UniqueIdentifier>
      <Extensions>h;hh;hpp;hxx;hm;inl;inc;ipp;xsd</Extensions>
    </Filter>
    <Filter Include="Win\Lib">
      <UniqueIdentifier>{bd877be5-c4dd-463b-ac99-b070fbb8f7bc}</UniqueIdentifier>
    </Filter>
    <Filter Include="gen-cpp2">
      <UniqueIdentifier>{979c1658-1add-4f1b-8687-621f4cd2a737}</UniqueIdentifier>
    </Filter>
    <Filter Include="fs">
      <UniqueIdentifier>{0235e41e-2349-4fc1-8da8-70b517abd7ff}</UniqueIdentifier>
    </Filter>
    <Filter Include="fs\Model">
      <UniqueIdentifier>{ff80c128-6158-430a-a56a-79f7f4dd1ffd}</UniqueIdentifier>
    </Filter>
    <Filter Include="fs\Store">
      <UniqueIdentifier>{597acbd4-a36f-4d4b-916a-3d9370e72e6b}</UniqueIdentifier>
    </Filter>
    <Filter Include="fs\Store\hg">
      <UniqueIdentifier>{4FC737F1-C7A5-4376-A066-2A32D752A2FF}</UniqueIdentifier>
      <Extensions>cpp;c;cc;cxx;def;odl;idl;hpj;bat;asm;asmx</Extensions>
    </Filter>
    <Filter Include="fs\Model\Git">
      <UniqueIdentifier>{f0165dbe-c908-44b9-9b11-8ec0ffec7d22}</UniqueIdentifier>
    </Filter>
    <Filter Include="fs\Sqlite">
      <UniqueIdentifier>{a26f9bf1-b27f-40aa-9827-5401f085b570}</UniqueIdentifier>
    </Filter>
    <Filter Include="fs\Service">
      <UniqueIdentifier>{98739a4d-6b9d-4010-bba6-1c6de520c7af}</UniqueIdentifier>
    </Filter>
    <Filter Include="fs\Store\Mononoke">
      <UniqueIdentifier>{a35f52c6-bc5e-41b4-9b1d-cfcebc220f1a}</UniqueIdentifier>
    </Filter>
    <Filter Include="Win\fs">
      <UniqueIdentifier>{7d7a8023-0973-4d0b-acaf-4b9466055375}</UniqueIdentifier>
    </Filter>
    <Filter Include="Win\fs\service">
      <UniqueIdentifier>{db8b082b-a455-4f0d-9396-062d9a327742}</UniqueIdentifier>
    </Filter>
    <Filter Include="Win\fs\utils">
      <UniqueIdentifier>{61acb7ce-8c87-4035-a52d-c1e99325daad}</UniqueIdentifier>
    </Filter>
    <Filter Include="fs\Utils">
      <UniqueIdentifier>{b784f067-e8b9-42ba-9226-5bf9ea3cd828}</UniqueIdentifier>
    </Filter>
  </ItemGroup>
  <ItemGroup>
    <ClCompile Include="..\..\fs\store\hg\HgBackingStore.cpp">
      <Filter>fs\Store\hg</Filter>
    </ClCompile>
    <ClCompile Include="..\..\fs\store\hg\HgImporter.cpp">
      <Filter>fs\Store\hg</Filter>
    </ClCompile>
    <ClCompile Include="..\..\fs\store\hg\HgImportPyError.cpp">
      <Filter>fs\Store\hg</Filter>
    </ClCompile>
    <ClCompile Include="..\..\fs\store\hg\HgManifestImporter.cpp">
      <Filter>fs\Store\hg</Filter>
    </ClCompile>
    <ClCompile Include="..\..\fs\store\hg\HgProxyHash.cpp">
      <Filter>fs\Store\hg</Filter>
    </ClCompile>
    <ClCompile Include="..\..\fs\model\Hash.cpp">
      <Filter>fs\Model</Filter>
    </ClCompile>
    <ClCompile Include="..\..\fs\model\ParentCommits.cpp">
      <Filter>fs\Model</Filter>
    </ClCompile>
    <ClCompile Include="..\..\fs\model\Tree.cpp">
      <Filter>fs\Model</Filter>
    </ClCompile>
    <ClCompile Include="..\..\fs\model\TreeEntry.cpp">
      <Filter>fs\Model</Filter>
    </ClCompile>
    <ClCompile Include="..\..\fs\store\EmptyBackingStore.cpp">
      <Filter>fs\Store</Filter>
    </ClCompile>
    <ClCompile Include="..\..\fs\store\LocalStore.cpp">
      <Filter>fs\Store</Filter>
    </ClCompile>
    <ClCompile Include="..\..\fs\store\MemoryLocalStore.cpp">
      <Filter>fs\Store</Filter>
    </ClCompile>
    <ClCompile Include="..\..\fs\store\ObjectStore.cpp">
      <Filter>fs\Store</Filter>
    </ClCompile>
    <ClCompile Include="..\..\fs\store\SqliteLocalStore.cpp">
      <Filter>fs\Store</Filter>
    </ClCompile>
    <ClCompile Include="..\..\fs\store\StoreResult.cpp">
      <Filter>fs\Store</Filter>
    </ClCompile>
    <ClCompile Include="..\..\fs\utils\PathFuncs.cpp">
      <Filter>fs\Utils</Filter>
    </ClCompile>
    <ClCompile Include="..\..\fs\model\git\GitTree.cpp">
      <Filter>fs\Model\Git</Filter>
    </ClCompile>
    <ClCompile Include="..\..\fs\sqlite\Sqlite.cpp">
      <Filter>fs\Sqlite</Filter>
    </ClCompile>
    <ClCompile Include="..\..\fs\utils\TimeUtil.cpp">
      <Filter>fs\Utils</Filter>
    </ClCompile>
    <ClCompile Include="..\..\fs\model\git\GitBlob.cpp">
      <Filter>fs\Model\Git</Filter>
    </ClCompile>
    <ClCompile Include="..\..\fs\utils\Clock.cpp">
      <Filter>fs\Utils</Filter>
    </ClCompile>
    <ClCompile Include="..\..\fs\service\EdenCPUThreadPool.cpp">
      <Filter>fs\Service</Filter>
    </ClCompile>
    <ClCompile Include="..\..\fs\utils\UnboundedQueueExecutor.cpp">
      <Filter>fs\Utils</Filter>
    </ClCompile>
    <ClCompile Include="..\..\fs\store\BackingStore.cpp">
      <Filter>fs\Store</Filter>
    </ClCompile>
    <ClCompile Include="service\main.cpp">
      <Filter>Win\fs\service</Filter>
    </ClCompile>
    <ClCompile Include="utils\Pipe.cpp">
      <Filter>Win\fs\utils</Filter>
    </ClCompile>
    <ClCompile Include="utils\Subprocess.cpp">
      <Filter>Win\fs\utils</Filter>
    </ClCompile>
  </ItemGroup>
  <ItemGroup>
    <ClInclude Include="..\..\fs\store\hg\HgBackingStore.h">
      <Filter>fs\Store\hg</Filter>
    </ClInclude>
    <ClInclude Include="..\..\fs\store\hg\HgImporter.h">
      <Filter>fs\Store\hg</Filter>
    </ClInclude>
    <ClInclude Include="..\..\fs\store\hg\HgImportPyError.h">
      <Filter>fs\Store\hg</Filter>
    </ClInclude>
    <ClInclude Include="..\..\fs\store\hg\HgManifestImporter.h">
      <Filter>fs\Store\hg</Filter>
    </ClInclude>
    <ClInclude Include="..\..\fs\store\hg\HgProxyHash.h">
      <Filter>fs\Store\hg</Filter>
    </ClInclude>
    <ClInclude Include="Edenwin.h">
      <Filter>Win</Filter>
    </ClInclude>
    <ClInclude Include="..\..\fs\model\Blob.h">
      <Filter>fs\Model</Filter>
    </ClInclude>
    <ClInclude Include="..\..\fs\model\Hash.h">
      <Filter>fs\Model</Filter>
    </ClInclude>
    <ClInclude Include="..\..\fs\model\ParentCommits.h">
      <Filter>fs\Model</Filter>
    </ClInclude>
    <ClInclude Include="..\..\fs\model\Tree.h">
      <Filter>fs\Model</Filter>
    </ClInclude>
    <ClInclude Include="..\..\fs\model\TreeEntry.h">
      <Filter>fs\Model</Filter>
    </ClInclude>
    <ClInclude Include="..\..\fs\store\BackingStore.h">
      <Filter>fs\Store</Filter>
    </ClInclude>
    <ClInclude Include="..\..\fs\store\BlobMetadata.h">
      <Filter>fs\Store</Filter>
    </ClInclude>
    <ClInclude Include="..\..\fs\store\EmptyBackingStore.h">
      <Filter>fs\Store</Filter>
    </ClInclude>
    <ClInclude Include="..\..\fs\store\IObjectStore.h">
      <Filter>fs\Store</Filter>
    </ClInclude>
    <ClInclude Include="..\..\fs\store\LocalStore.h">
      <Filter>fs\Store</Filter>
    </ClInclude>
    <ClInclude Include="..\..\fs\store\MemoryLocalStore.h">
      <Filter>fs\Store</Filter>
    </ClInclude>
    <ClInclude Include="..\..\fs\store\ObjectStore.h">
      <Filter>fs\Store</Filter>
    </ClInclude>
    <ClInclude Include="..\..\fs\store\SqliteLocalStore.h">
      <Filter>fs\Store</Filter>
    </ClInclude>
    <ClInclude Include="..\..\fs\store\StoreResult.h">
      <Filter>fs\Store</Filter>
    </ClInclude>
    <ClInclude Include="..\..\fs\utils\PathFuncs.h">
      <Filter>fs\Utils</Filter>
    </ClInclude>
    <ClInclude Include="..\..\fs\model\git\GitTree.h">
      <Filter>fs\Model\Git</Filter>
    </ClInclude>
    <ClInclude Include="..\..\fs\sqlite\Sqlite.h">
      <Filter>fs\Sqlite</Filter>
    </ClInclude>
    <ClInclude Include="..\..\fs\utils\TimeUtil.h">
      <Filter>fs\Utils</Filter>
    </ClInclude>
    <ClInclude Include="..\..\fs\model\git\GitBlob.h">
      <Filter>fs\Model\Git</Filter>
    </ClInclude>
    <ClInclude Include="..\..\fs\utils\Clock.h">
      <Filter>fs\Utils</Filter>
    </ClInclude>
    <ClInclude Include="..\..\fs\service\EdenCPUThreadPool.h">
      <Filter>fs\Service</Filter>
    </ClInclude>
    <ClInclude Include="..\..\fs\utils\UnboundedQueueExecutor.h">
      <Filter>fs\Utils</Filter>
    </ClInclude>
    <ClInclude Include="utils\Pipe.h">
      <Filter>Win\fs\utils</Filter>
    </ClInclude>
    <ClInclude Include="utils\StringConv.h">
      <Filter>Win\fs\utils</Filter>
    </ClInclude>
    <ClInclude Include="utils\Subprocess.h">
      <Filter>Win\fs\utils</Filter>
    </ClInclude>
  </ItemGroup>
</Project>