<?xml version="1.0" encoding="utf-8"?>
<Project ToolsVersion="4.0" xmlns="http://schemas.microsoft.com/developer/msbuild/2003">
  <ItemGroup>
    <Filter Include="Extern">
      <UniqueIdentifier>{e1e8e374-4a0b-48ca-a76e-7fa4b0a58621}</UniqueIdentifier>
    </Filter>
    <Filter Include="Win">
      <UniqueIdentifier>{93995380-89BD-4b04-88EB-625FBE52EBFB}</UniqueIdentifier>
      <Extensions>h;hh;hpp;hxx;hm;inl;inc;ipp;xsd</Extensions>
    </Filter>
    <Filter Include="fs">
      <UniqueIdentifier>{0235e41e-2349-4fc1-8da8-70b517abd7ff}</UniqueIdentifier>
    </Filter>
    <Filter Include="fs\Model">
      <UniqueIdentifier>{ff80c128-6158-430a-a56a-79f7f4dd1ffd}</UniqueIdentifier>
    </Filter>
    <Filter Include="fs\Store">
      <UniqueIdentifier>{597acbd4-a36f-4d4b-916a-3d9370e72e6b}</UniqueIdentifier>
    </Filter>
    <Filter Include="fs\Util">
      <UniqueIdentifier>{b784f067-e8b9-42ba-9226-5bf9ea3cd828}</UniqueIdentifier>
    </Filter>
    <Filter Include="fs\Model\Git">
      <UniqueIdentifier>{f0165dbe-c908-44b9-9b11-8ec0ffec7d22}</UniqueIdentifier>
    </Filter>
    <Filter Include="fs\Sqlite">
      <UniqueIdentifier>{a26f9bf1-b27f-40aa-9827-5401f085b570}</UniqueIdentifier>
    </Filter>
    <Filter Include="fs\Service">
      <UniqueIdentifier>{98739a4d-6b9d-4010-bba6-1c6de520c7af}</UniqueIdentifier>
    </Filter>
    <Filter Include="fs\Store\Mononoke">
      <UniqueIdentifier>{a35f52c6-bc5e-41b4-9b1d-cfcebc220f1a}</UniqueIdentifier>
    </Filter>
    <Filter Include="Win\Stubs">
      <UniqueIdentifier>{a003edd9-4d9c-4d7b-83bd-23ec6d5b1d50}</UniqueIdentifier>
    </Filter>
    <Filter Include="Other">
      <UniqueIdentifier>{003fda81-816e-482e-b180-0c3887a3a9d9}</UniqueIdentifier>
    </Filter>
    <Filter Include="fs\Tracing">
      <UniqueIdentifier>{a8960569-2bb2-482c-82f2-bb6aa07026a6}</UniqueIdentifier>
    </Filter>
    <Filter Include="fs\Config">
      <UniqueIdentifier>{505aac1b-f4f7-436b-ace6-adb2b97d47fa}</UniqueIdentifier>
    </Filter>
    <Filter Include="fs\Store\Git">
      <UniqueIdentifier>{d87b6a8b-752d-448f-aeca-55f759b7c799}</UniqueIdentifier>
    </Filter>
    <Filter Include="fs\Store\Hg">
      <UniqueIdentifier>{4FC737F1-C7A5-4376-A066-2A32D752A2FF}</UniqueIdentifier>
      <Extensions>cpp;c;cc;cxx;def;odl;idl;hpj;bat;asm;asmx</Extensions>
    </Filter>
    <Filter Include="cpp2">
      <UniqueIdentifier>{2bc6d501-a9bf-470e-b666-03e87f9e5761}</UniqueIdentifier>
    </Filter>
    <Filter Include="cpp2\Eden">
      <UniqueIdentifier>{c9dd7b12-9af7-4d47-b731-4a8ae6e70939}</UniqueIdentifier>
    </Filter>
    <Filter Include="cpp2\Fb303">
      <UniqueIdentifier>{539d7f02-39ce-4948-863a-cfe6b6881fd9}</UniqueIdentifier>
    </Filter>
    <Filter Include="fs\Journal">
      <UniqueIdentifier>{38a5fa69-dc3a-44ca-b06a-ec895e8fa498}</UniqueIdentifier>
    </Filter>
    <Filter Include="Win\fs">
      <UniqueIdentifier>{1c4528eb-cbef-47d8-a9bb-bd24565573c7}</UniqueIdentifier>
    </Filter>
    <Filter Include="Win\fs\Utils">
      <UniqueIdentifier>{bd877be5-c4dd-463b-ac99-b070fbb8f7bc}</UniqueIdentifier>
    </Filter>
    <Filter Include="Win\fs\Service">
      <UniqueIdentifier>{e5ddd6cf-3c18-445c-a13c-05d39ff5011e}</UniqueIdentifier>
    </Filter>
    <Filter Include="Win\fs\Mount">
      <UniqueIdentifier>{a29c2182-bd12-4b96-be11-262b4d348cc9}</UniqueIdentifier>
    </Filter>
    <Filter Include="fs\Tracing">
      <UniqueIdentifier>{71ab52ce-cc25-4206-8738-c0323d53fbfb}</UniqueIdentifier>
    </Filter>
    <Filter Include="Win\fs\Store">
      <UniqueIdentifier>{c4235fc9-8517-4917-b608-652dff12b567}</UniqueIdentifier>
    </Filter>
  </ItemGroup>
  <ItemGroup>
    <ClCompile Include="..\..\fs\store\hg\HgBackingStore.cpp">
      <Filter>fs\Store\Hg</Filter>
    </ClCompile>
    <ClCompile Include="..\..\fs\store\hg\HgImporter.cpp">
      <Filter>fs\Store\Hg</Filter>
    </ClCompile>
    <ClCompile Include="..\..\fs\store\hg\HgImportPyError.cpp">
      <Filter>fs\Store\Hg</Filter>
    </ClCompile>
    <ClCompile Include="..\..\fs\store\hg\HgManifestImporter.cpp">
      <Filter>fs\Store\Hg</Filter>
    </ClCompile>
    <ClCompile Include="..\..\fs\store\hg\HgProxyHash.cpp">
      <Filter>fs\Store\Hg</Filter>
    </ClCompile>
    <ClCompile Include="..\..\fs\model\Hash.cpp">
      <Filter>fs\Model</Filter>
    </ClCompile>
    <ClCompile Include="..\..\fs\model\ParentCommits.cpp">
      <Filter>fs\Model</Filter>
    </ClCompile>
    <ClCompile Include="..\..\fs\model\Tree.cpp">
      <Filter>fs\Model</Filter>
    </ClCompile>
    <ClCompile Include="..\..\fs\model\TreeEntry.cpp">
      <Filter>fs\Model</Filter>
    </ClCompile>
    <ClCompile Include="..\..\fs\store\EmptyBackingStore.cpp">
      <Filter>fs\Store</Filter>
    </ClCompile>
    <ClCompile Include="..\..\fs\store\LocalStore.cpp">
      <Filter>fs\Store</Filter>
    </ClCompile>
    <ClCompile Include="..\..\fs\store\MemoryLocalStore.cpp">
      <Filter>fs\Store</Filter>
    </ClCompile>
    <ClCompile Include="..\..\fs\store\ObjectStore.cpp">
      <Filter>fs\Store</Filter>
    </ClCompile>
    <ClCompile Include="..\..\fs\store\SqliteLocalStore.cpp">
      <Filter>fs\Store</Filter>
    </ClCompile>
    <ClCompile Include="..\..\fs\store\StoreResult.cpp">
      <Filter>fs\Store</Filter>
    </ClCompile>
    <ClCompile Include="..\..\fs\utils\PathFuncs.cpp">
      <Filter>fs\Util</Filter>
    </ClCompile>
    <ClCompile Include="..\..\fs\model\git\GitTree.cpp">
      <Filter>fs\Model\Git</Filter>
    </ClCompile>
    <ClCompile Include="..\..\fs\sqlite\Sqlite.cpp">
      <Filter>fs\Sqlite</Filter>
    </ClCompile>
    <ClCompile Include="..\..\fs\utils\TimeUtil.cpp">
      <Filter>fs\Util</Filter>
    </ClCompile>
    <ClCompile Include="..\..\fs\model\git\GitBlob.cpp">
      <Filter>fs\Model\Git</Filter>
    </ClCompile>
    <ClCompile Include="..\..\fs\utils\Bug.cpp">
      <Filter>fs\Util</Filter>
    </ClCompile>
    <ClCompile Include="..\..\fs\utils\ChronoParse.cpp">
      <Filter>fs\Util</Filter>
    </ClCompile>
    <ClCompile Include="..\..\fs\utils\ChronoUnitInfo.cpp">
      <Filter>fs\Util</Filter>
    </ClCompile>
    <ClCompile Include="..\..\fs\utils\Clock.cpp">
      <Filter>fs\Util</Filter>
    </ClCompile>
    <ClCompile Include="..\..\fs\service\EdenCPUThreadPool.cpp">
      <Filter>fs\Service</Filter>
    </ClCompile>
    <ClCompile Include="..\..\fs\utils\UnboundedQueueExecutor.cpp">
      <Filter>fs\Util</Filter>
    </ClCompile>
    <ClCompile Include="..\..\fs\service\EdenError.cpp">
      <Filter>fs\Service</Filter>
    </ClCompile>
    <ClCompile Include="..\..\fs\service\EdenServer.cpp">
      <Filter>fs\Service</Filter>
    </ClCompile>
    <ClCompile Include="..\..\fs\service\EdenStateDir.cpp">
      <Filter>fs\Service</Filter>
    </ClCompile>
    <ClCompile Include="..\..\fs\service\PeriodicTask.cpp">
      <Filter>fs\Service</Filter>
    </ClCompile>
    <ClCompile Include="D:\edenwin64\stubs\common\stats\ServiceData.cpp">
      <Filter>Extern</Filter>
    </ClCompile>
    <ClCompile Include="..\..\fs\inodes\ServerState.cpp">
      <Filter>Other</Filter>
    </ClCompile>
    <ClCompile Include="..\..\fs\model\git\GitIgnore.cpp">
      <Filter>fs\Model\Git</Filter>
    </ClCompile>
    <ClCompile Include="..\..\fs\model\git\GitIgnoreFileParser.cpp">
      <Filter>fs\Model\Git</Filter>
    </ClCompile>
    <ClCompile Include="..\..\fs\model\git\GitIgnorePattern.cpp">
      <Filter>fs\Model\Git</Filter>
    </ClCompile>
    <ClCompile Include="..\..\fs\model\git\GitIgnoreStack.cpp">
      <Filter>fs\Model\Git</Filter>
    </ClCompile>
    <ClCompile Include="..\..\fs\model\git\GlobMatcher.cpp">
      <Filter>fs\Model\Git</Filter>
    </ClCompile>
    <ClCompile Include="..\..\fs\config\CheckoutConfig.cpp">
      <Filter>fs\Config</Filter>
    </ClCompile>
    <ClCompile Include="..\..\fs\config\EdenConfig.cpp">
      <Filter>fs\Config</Filter>
    </ClCompile>
    <ClCompile Include="..\..\fs\config\FieldConverter.cpp">
      <Filter>fs\Config</Filter>
    </ClCompile>
    <ClCompile Include="..\..\fs\config\FileChangeMonitor.cpp">
      <Filter>fs\Config</Filter>
    </ClCompile>
    <ClCompile Include="..\..\fs\config\ReloadableConfig.cpp">
      <Filter>fs\Config</Filter>
    </ClCompile>
    <ClCompile Include="..\..\fs\service\EdenServiceHandler.cpp">
      <Filter>fs\Service</Filter>
    </ClCompile>
    <ClCompile Include="..\..\fs\journal\Journal.cpp">
      <Filter>fs\Journal</Filter>
    </ClCompile>
    <ClCompile Include="..\..\fs\journal\JournalDelta.cpp">
      <Filter>fs\Journal</Filter>
    </ClCompile>
    <ClCompile Include="..\..\fs\journal\JournalDeltaPtr.cpp">
      <Filter>fs\Journal</Filter>
    </ClCompile>
    <ClCompile Include="service\main.cpp">
      <Filter>Win\fs\Service</Filter>
    </ClCompile>
    <ClCompile Include="utils\Pipe.cpp">
      <Filter>Win\fs\Utils</Filter>
    </ClCompile>
    <ClCompile Include="utils\Subprocess.cpp">
      <Filter>Win\fs\Utils</Filter>
    </ClCompile>
    <ClCompile Include="mount\EdenMount.cpp">
      <Filter>Win\fs\Mount</Filter>
    </ClCompile>
    <ClCompile Include="mount\FsChannel.cpp">
      <Filter>Win\fs\Mount</Filter>
    </ClCompile>
    <ClCompile Include="mount\EdenDispatcher.cpp">
      <Filter>Win\fs\Mount</Filter>
    </ClCompile>
    <ClCompile Include="..\..\fs\tracing\Tracing.cpp">
      <Filter>fs\Tracing</Filter>
    </ClCompile>
    <ClCompile Include="..\..\fs\store\SerializedBlobMetadata.cpp">
      <Filter>fs\Store\Hg</Filter>
    </ClCompile>
    <ClCompile Include="store\WinStore.cpp">
      <Filter>Win\fs\Store</Filter>
    </ClCompile>
    <ClCompile Include="utils\WinError.cpp">
      <Filter>Win\fs\Utils</Filter>
    </ClCompile>
    <ClCompile Include="..\..\fs\store\BlobCache.cpp">
      <Filter>fs\Store</Filter>
    </ClCompile>
    <ClCompile Include="mount\Enumerator.cpp">
      <Filter>Win\fs\Mount</Filter>
    </ClCompile>
    <ClCompile Include="..\..\fs\utils\IDGen.cpp">
      <Filter>fs\Store\Hg</Filter>
    </ClCompile>
    <ClCompile Include="..\..\fs\utils\FaultInjector.cpp">
      <Filter>fs\Util</Filter>
    </ClCompile>
    <ClCompile Include="utils\FileUtils.cpp">
      <Filter>Win\fs\Utils</Filter>
    </ClCompile>
    <ClCompile Include="utils\UserInfo.cpp">
      <Filter>Win\fs\Utils</Filter>
    </ClCompile>
    <ClCompile Include="..\..\fs\tracing\EdenStats.cpp">
      <Filter>fs\Tracing</Filter>
    </ClCompile>
    <ClCompile Include="..\..\fs\utils\ServiceAddress.cpp">
      <Filter>fs\Util</Filter>
    </ClCompile>
    <ClCompile Include="$(SolutionDir)build\thrift\common\fb303\if\gen-cpp2\FacebookService.cpp">
      <Filter>fs\Store\Hg</Filter>
    </ClCompile>
    <ClCompile Include="$(SolutionDir)build\thrift\common\fb303\if\gen-cpp2\FacebookServiceAsyncClient.cpp">
      <Filter>fs\Store\Hg</Filter>
    </ClCompile>
    <ClCompile Include="$(SolutionDir)build\thrift\common\fb303\if\gen-cpp2\FacebookService_processmap_binary.cpp">
      <Filter>fs\Store\Hg</Filter>
    </ClCompile>
    <ClCompile Include="$(SolutionDir)build\thrift\common\fb303\if\gen-cpp2\FacebookService_processmap_compact.cpp">
      <Filter>fs\Store\Hg</Filter>
    </ClCompile>
    <ClCompile Include="$(SolutionDir)build\thrift\common\fb303\if\gen-cpp2\fb303_constants.cpp">
      <Filter>fs\Store\Hg</Filter>
    </ClCompile>
    <ClCompile Include="$(SolutionDir)build\thrift\common\fb303\if\gen-cpp2\fb303_data.cpp">
      <Filter>fs\Store\Hg</Filter>
    </ClCompile>
    <ClCompile Include="$(SolutionDir)build\thrift\common\fb303\if\gen-cpp2\fb303_types.cpp">
      <Filter>fs\Store\Hg</Filter>
    </ClCompile>
    <ClCompile Include="$(SolutionDir)build\thrift\eden\fs\service\gen-cpp2\EdenService.cpp">
      <Filter>fs\Store\Hg</Filter>
    </ClCompile>
    <ClCompile Include="$(SolutionDir)build\thrift\eden\fs\service\gen-cpp2\EdenServiceAsyncClient.cpp">
      <Filter>fs\Store\Hg</Filter>
    </ClCompile>
    <ClCompile Include="$(SolutionDir)build\thrift\eden\fs\service\gen-cpp2\EdenService_processmap_binary.cpp">
      <Filter>fs\Store\Hg</Filter>
    </ClCompile>
    <ClCompile Include="$(SolutionDir)build\thrift\eden\fs\service\gen-cpp2\EdenService_processmap_compact.cpp">
      <Filter>fs\Store\Hg</Filter>
    </ClCompile>
    <ClCompile Include="$(SolutionDir)build\thrift\eden\fs\service\gen-cpp2\eden_constants.cpp">
      <Filter>fs\Store\Hg</Filter>
    </ClCompile>
    <ClCompile Include="$(SolutionDir)build\thrift\eden\fs\service\gen-cpp2\eden_data.cpp">
      <Filter>fs\Store\Hg</Filter>
    </ClCompile>
    <ClCompile Include="$(SolutionDir)build\thrift\eden\fs\service\gen-cpp2\eden_types.cpp">
      <Filter>fs\Store\Hg</Filter>
    </ClCompile>
    <ClCompile Include="$(SolutionDir)build\thrift\eden\fs\service\gen-cpp2\StreamingEdenService.cpp">
      <Filter>fs\Store\Hg</Filter>
    </ClCompile>
    <ClCompile Include="$(SolutionDir)build\thrift\eden\fs\service\gen-cpp2\StreamingEdenServiceAsyncClient.cpp">
      <Filter>fs\Store\Hg</Filter>
    </ClCompile>
    <ClCompile Include="$(SolutionDir)build\thrift\eden\fs\service\gen-cpp2\StreamingEdenService_processmap_binary.cpp">
      <Filter>fs\Store\Hg</Filter>
    </ClCompile>
    <ClCompile Include="$(SolutionDir)build\thrift\eden\fs\service\gen-cpp2\StreamingEdenService_processmap_compact.cpp">
      <Filter>fs\Store\Hg</Filter>
    </ClCompile>
    <ClCompile Include="$(SolutionDir)build\thrift\eden\fs\service\gen-cpp2\streamingeden_constants.cpp">
      <Filter>fs\Store\Hg</Filter>
    </ClCompile>
    <ClCompile Include="$(SolutionDir)build\thrift\eden\fs\service\gen-cpp2\streamingeden_data.cpp">
      <Filter>fs\Store\Hg</Filter>
    </ClCompile>
    <ClCompile Include="$(SolutionDir)build\thrift\eden\fs\service\gen-cpp2\streamingeden_types.cpp">
      <Filter>fs\Store\Hg</Filter>
    </ClCompile>
  </ItemGroup>
  <ItemGroup>
    <ClInclude Include="..\..\fs\store\hg\HgBackingStore.h">
      <Filter>fs\Store\Hg</Filter>
    </ClInclude>
    <ClInclude Include="..\..\fs\store\hg\HgImporter.h">
      <Filter>fs\Store\Hg</Filter>
    </ClInclude>
    <ClInclude Include="..\..\fs\store\hg\HgImportPyError.h">
      <Filter>fs\Store\Hg</Filter>
    </ClInclude>
    <ClInclude Include="..\..\fs\store\hg\HgManifestImporter.h">
      <Filter>fs\Store\Hg</Filter>
    </ClInclude>
    <ClInclude Include="..\..\fs\store\hg\HgProxyHash.h">
      <Filter>fs\Store\Hg</Filter>
    </ClInclude>
    <ClInclude Include="..\..\fs\model\Blob.h">
      <Filter>fs\Model</Filter>
    </ClInclude>
    <ClInclude Include="..\..\fs\model\Hash.h">
      <Filter>fs\Model</Filter>
    </ClInclude>
    <ClInclude Include="..\..\fs\model\ParentCommits.h">
      <Filter>fs\Model</Filter>
    </ClInclude>
    <ClInclude Include="..\..\fs\model\Tree.h">
      <Filter>fs\Model</Filter>
    </ClInclude>
    <ClInclude Include="..\..\fs\model\TreeEntry.h">
      <Filter>fs\Model</Filter>
    </ClInclude>
    <ClInclude Include="..\..\fs\store\BackingStore.h">
      <Filter>fs\Store</Filter>
    </ClInclude>
    <ClInclude Include="..\..\fs\store\BlobMetadata.h">
      <Filter>fs\Store</Filter>
    </ClInclude>
    <ClInclude Include="..\..\fs\store\EmptyBackingStore.h">
      <Filter>fs\Store</Filter>
    </ClInclude>
    <ClInclude Include="..\..\fs\store\IObjectStore.h">
      <Filter>fs\Store</Filter>
    </ClInclude>
    <ClInclude Include="..\..\fs\store\LocalStore.h">
      <Filter>fs\Store</Filter>
    </ClInclude>
    <ClInclude Include="..\..\fs\store\MemoryLocalStore.h">
      <Filter>fs\Store</Filter>
    </ClInclude>
    <ClInclude Include="..\..\fs\store\ObjectStore.h">
      <Filter>fs\Store</Filter>
    </ClInclude>
    <ClInclude Include="..\..\fs\store\SqliteLocalStore.h">
      <Filter>fs\Store</Filter>
    </ClInclude>
    <ClInclude Include="..\..\fs\store\StoreResult.h">
      <Filter>fs\Store</Filter>
    </ClInclude>
    <ClInclude Include="..\..\fs\utils\PathFuncs.h">
      <Filter>fs\Util</Filter>
    </ClInclude>
    <ClInclude Include="..\..\fs\model\git\GitTree.h">
      <Filter>fs\Model\Git</Filter>
    </ClInclude>
    <ClInclude Include="..\..\fs\sqlite\Sqlite.h">
      <Filter>fs\Sqlite</Filter>
    </ClInclude>
    <ClInclude Include="..\..\fs\utils\TimeUtil.h">
      <Filter>fs\Util</Filter>
    </ClInclude>
    <ClInclude Include="..\..\fs\model\git\GitBlob.h">
      <Filter>fs\Model\Git</Filter>
    </ClInclude>
    <ClInclude Include="..\..\fs\utils\Bug.h">
      <Filter>fs\Util</Filter>
    </ClInclude>
    <ClInclude Include="..\..\fs\utils\ChronoParse.h">
      <Filter>fs\Util</Filter>
    </ClInclude>
    <ClInclude Include="..\..\fs\utils\ChronoUnitInfo.h">
      <Filter>fs\Util</Filter>
    </ClInclude>
    <ClInclude Include="..\..\fs\utils\Clock.h">
      <Filter>fs\Util</Filter>
    </ClInclude>
    <ClInclude Include="..\..\fs\service\EdenCPUThreadPool.h">
      <Filter>fs\Service</Filter>
    </ClInclude>
    <ClInclude Include="..\..\fs\utils\UnboundedQueueExecutor.h">
      <Filter>fs\Util</Filter>
    </ClInclude>
    <ClInclude Include="..\..\fs\service\EdenError.h">
      <Filter>fs\Service</Filter>
    </ClInclude>
    <ClInclude Include="..\..\fs\service\EdenServer.h">
      <Filter>fs\Service</Filter>
    </ClInclude>
    <ClInclude Include="..\..\fs\service\EdenStateDir.h">
      <Filter>fs\Service</Filter>
    </ClInclude>
    <ClInclude Include="..\..\fs\service\PeriodicTask.h">
      <Filter>fs\Service</Filter>
    </ClInclude>
    <ClInclude Include="Stub.h">
      <Filter>Win\Stubs</Filter>
    </ClInclude>
    <ClInclude Include="..\..\fs\inodes\ServerState.h">
      <Filter>Other</Filter>
    </ClInclude>
    <ClInclude Include="..\..\fs\model\git\GitIgnore.h">
      <Filter>fs\Model\Git</Filter>
    </ClInclude>
    <ClInclude Include="..\..\fs\model\git\GitIgnoreFileParser.h">
      <Filter>fs\Model\Git</Filter>
    </ClInclude>
    <ClInclude Include="..\..\fs\model\git\GitIgnorePattern.h">
      <Filter>fs\Model\Git</Filter>
    </ClInclude>
    <ClInclude Include="..\..\fs\model\git\GitIgnoreStack.h">
      <Filter>fs\Model\Git</Filter>
    </ClInclude>
    <ClInclude Include="..\..\fs\model\git\GlobMatcher.h">
      <Filter>fs\Model\Git</Filter>
    </ClInclude>
    <ClInclude Include="..\..\fs\tracing\EdenStats.h">
      <Filter>fs\Tracing</Filter>
    </ClInclude>
    <ClInclude Include="..\..\fs\config\CachedParsedFileMonitor.h">
      <Filter>fs\Config</Filter>
    </ClInclude>
    <ClInclude Include="..\..\fs\config\CheckoutConfig.h">
      <Filter>fs\Config</Filter>
    </ClInclude>
    <ClInclude Include="..\..\fs\config\ConfigSetting.h">
      <Filter>fs\Config</Filter>
    </ClInclude>
    <ClInclude Include="..\..\fs\config\EdenConfig.h">
      <Filter>fs\Config</Filter>
    </ClInclude>
    <ClInclude Include="..\..\fs\config\FieldConverter.h">
      <Filter>fs\Config</Filter>
    </ClInclude>
    <ClInclude Include="..\..\fs\config\FileChangeMonitor.h">
      <Filter>fs\Config</Filter>
    </ClInclude>
    <ClInclude Include="..\..\fs\config\ReloadableConfig.h">
      <Filter>fs\Config</Filter>
    </ClInclude>
    <ClInclude Include="..\..\fs\service\EdenServiceHandler.h">
      <Filter>fs\Service</Filter>
    </ClInclude>
    <ClInclude Include="..\..\fs\journal\Journal.h">
      <Filter>fs\Journal</Filter>
    </ClInclude>
    <ClInclude Include="..\..\fs\journal\JournalDelta.h">
      <Filter>fs\Journal</Filter>
    </ClInclude>
    <ClInclude Include="..\..\fs\journal\JournalDeltaPtr.h">
      <Filter>fs\Journal</Filter>
    </ClInclude>
    <ClInclude Include="D:\edenwin64\pklib\include\thrift\lib\cpp2\protocol\Cpp2Ops.h">
      <Filter>cpp2\Fb303</Filter>
    </ClInclude>
    <ClInclude Include="service\StartupLogger.h">
      <Filter>Win\fs\Service</Filter>
    </ClInclude>
    <ClInclude Include="utils\Pipe.h">
      <Filter>Win\fs\Utils</Filter>
    </ClInclude>
    <ClInclude Include="utils\StringConv.h">
      <Filter>Win\fs\Utils</Filter>
    </ClInclude>
    <ClInclude Include="utils\Stub.h">
      <Filter>Win\fs\Utils</Filter>
    </ClInclude>
    <ClInclude Include="utils\Subprocess.h">
      <Filter>Win\fs\Utils</Filter>
    </ClInclude>
    <ClInclude Include="mount\EdenMount.h">
      <Filter>Win\fs\Mount</Filter>
    </ClInclude>
    <ClInclude Include="mount\FsChannel.h">
      <Filter>Win\fs\Mount</Filter>
    </ClInclude>
    <ClInclude Include="mount\EdenDispatcher.h">
      <Filter>Win\fs\Mount</Filter>
    </ClInclude>
    <ClInclude Include="..\..\fs\tracing\Tracing.h">
      <Filter>fs\Tracing</Filter>
    </ClInclude>
    <ClInclude Include="store\WinStore.h">
      <Filter>Win\fs\Store</Filter>
    </ClInclude>
    <ClInclude Include="utils\WinError.h">
      <Filter>Win\fs\Utils</Filter>
    </ClInclude>
    <ClInclude Include="..\..\fs\store\BlobCache.h">
      <Filter>fs\Store</Filter>
    </ClInclude>
    <ClInclude Include="mount\Enumerator.h">
      <Filter>Win\fs\Mount</Filter>
    </ClInclude>
    <ClInclude Include="utils\Guid.h">
      <Filter>Win\fs\Utils</Filter>
    </ClInclude>
    <ClInclude Include="utils\FileUtils.h">
      <Filter>Win\fs\Utils</Filter>
    </ClInclude>
    <ClInclude Include="utils\Handle.h">
      <Filter>Win\fs\Utils</Filter>
    </ClInclude>
    <ClInclude Include="..\..\fs\utils\FaultInjector.h">
      <Filter>fs\Util</Filter>
    </ClInclude>
    <ClInclude Include="utils\UserInfo.h">
      <Filter>Win\fs\Utils</Filter>
    </ClInclude>
    <ClInclude Include="..\..\fs\utils\ServiceAddress.h">
      <Filter>fs\Util</Filter>
    </ClInclude>
    <ClInclude Include="$(SolutionDir)build\thrift\common\fb303\if\gen-cpp2\FacebookService.h">
      <Filter>Win</Filter>
    </ClInclude>
    <ClInclude Include="$(SolutionDir)build\thrift\common\fb303\if\gen-cpp2\FacebookServiceAsyncClient.h">
      <Filter>Win</Filter>
    </ClInclude>
    <ClInclude Include="$(SolutionDir)build\thrift\common\fb303\if\gen-cpp2\FacebookService_custom_protocol.h">
      <Filter>Win</Filter>
    </ClInclude>
    <ClInclude Include="$(SolutionDir)build\thrift\common\fb303\if\gen-cpp2\fb303_constants.h">
      <Filter>Win</Filter>
    </ClInclude>
    <ClInclude Include="$(SolutionDir)build\thrift\common\fb303\if\gen-cpp2\fb303_data.h">
      <Filter>Win</Filter>
    </ClInclude>
    <ClInclude Include="$(SolutionDir)build\thrift\common\fb303\if\gen-cpp2\fb303_types.h">
      <Filter>Win</Filter>
    </ClInclude>
    <ClInclude Include="$(SolutionDir)build\thrift\common\fb303\if\gen-cpp2\fb303_types_custom_protocol.h">
      <Filter>Win</Filter>
    </ClInclude>
    <ClInclude Include="$(SolutionDir)build\thrift\eden\fs\service\gen-cpp2\EdenService.h">
      <Filter>Win</Filter>
    </ClInclude>
    <ClInclude Include="$(SolutionDir)build\thrift\eden\fs\service\gen-cpp2\EdenServiceAsyncClient.h">
      <Filter>Win</Filter>
    </ClInclude>
    <ClInclude Include="$(SolutionDir)build\thrift\eden\fs\service\gen-cpp2\EdenService_custom_protocol.h">
      <Filter>Win</Filter>
    </ClInclude>
    <ClInclude Include="$(SolutionDir)build\thrift\eden\fs\service\gen-cpp2\eden_constants.h">
      <Filter>Win</Filter>
    </ClInclude>
    <ClInclude Include="$(SolutionDir)build\thrift\eden\fs\service\gen-cpp2\eden_data.h">
      <Filter>Win</Filter>
    </ClInclude>
    <ClInclude Include="$(SolutionDir)build\thrift\eden\fs\service\gen-cpp2\eden_types.h">
      <Filter>Win</Filter>
    </ClInclude>
    <ClInclude Include="$(SolutionDir)build\thrift\eden\fs\service\gen-cpp2\eden_types_custom_protocol.h">
      <Filter>Win</Filter>
    </ClInclude>
    <ClInclude Include="$(SolutionDir)build\thrift\eden\fs\service\gen-cpp2\StreamingEdenService.h">
      <Filter>Win</Filter>
    </ClInclude>
    <ClInclude Include="$(SolutionDir)build\thrift\eden\fs\service\gen-cpp2\StreamingEdenServiceAsyncClient.h">
      <Filter>Win</Filter>
    </ClInclude>
    <ClInclude Include="$(SolutionDir)build\thrift\eden\fs\service\gen-cpp2\StreamingEdenService_custom_protocol.h">
      <Filter>Win</Filter>
    </ClInclude>
    <ClInclude Include="$(SolutionDir)build\thrift\eden\fs\service\gen-cpp2\streamingeden_constants.h">
      <Filter>Win</Filter>
    </ClInclude>
    <ClInclude Include="$(SolutionDir)build\thrift\eden\fs\service\gen-cpp2\streamingeden_data.h">
      <Filter>Win</Filter>
    </ClInclude>
    <ClInclude Include="$(SolutionDir)build\thrift\eden\fs\service\gen-cpp2\streamingeden_types.h">
      <Filter>Win</Filter>
    </ClInclude>
    <ClInclude Include="$(SolutionDir)build\thrift\eden\fs\service\gen-cpp2\streamingeden_types_custom_protocol.h">
      <Filter>Win</Filter>
    </ClInclude>
  </ItemGroup>
  <ItemGroup>
    <None Include="D:\edenwin64\pklib\include\thrift\lib\cpp2\protocol\Cpp2Ops.tcc">
      <Filter>cpp2\Fb303</Filter>
    </None>
    <None Include="..\..\fs\service\eden.thrift">
      <Filter>fs\Service</Filter>
    </None>
    <None Include="$(SolutionDir)build\thrift\common\fb303\if\gen-cpp2\FacebookService.tcc" />
    <None Include="$(SolutionDir)build\thrift\common\fb303\if\gen-cpp2\fb303_types.tcc" />
    <None Include="$(SolutionDir)build\thrift\eden\fs\service\gen-cpp2\EdenService.tcc" />
    <None Include="$(SolutionDir)build\thrift\eden\fs\service\gen-cpp2\eden_types.tcc" />
    <None Include="$(SolutionDir)build\thrift\eden\fs\service\gen-cpp2\StreamingEdenService.tcc" />
    <None Include="$(SolutionDir)build\thrift\eden\fs\service\gen-cpp2\streamingeden_types.tcc" />
  </ItemGroup>
</Project>
